
Microsoft Visual Studio Solution File, Format Version 12.00
# Visual Studio Version 16
VisualStudioVersion = 16.0.31727.386
MinimumVisualStudioVersion = 10.0.40219.1
Project("{8BC9CEB8-8B4A-11D0-8D11-00A0C91BC942}") = "Find_Second_Highest_Element_In_Array", "Find_Second_Highest_Element_In_Array\Find_Second_Highest_Element_In_Array.vcxproj", "{47CD8393-CCFF-48CB-A45B-C823F15AF5E8}"
EndProject
Global
	GlobalSection(SolutionConfigurationPlatforms) = preSolution
		Debug|x64 = Debug|x64
		Debug|x86 = Debug|x86
		Release|x64 = Release|x64
		Release|x86 = Release|x86
	EndGlobalSection
	GlobalSection(ProjectConfigurationPlatforms) = postSolution
		{47CD8393-CCFF-48CB-A45B-C823F15AF5E8}.Debug|x64.ActiveCfg = Debug|x64
		{47CD8393-CCFF-48CB-A45B-C823F15AF5E8}.Debug|x64.Build.0 = Debug|x64
		{47CD8393-CCFF-48CB-A45B-C823F15AF5E8}.Debug|x86.ActiveCfg = Debug|Win32
		{47CD8393-CCFF-48CB-A45B-C823F15AF5E8}.Debug|x86.Build.0 = Debug|Win32
		{47CD8393-CCFF-48CB-A45B-C823F15AF5E8}.Release|x64.ActiveCfg = Release|x64
		{47CD8393-CCFF-48CB-A45B-C823F15AF5E8}.Release|x64.Build.0 = Release|x64
		{47CD8393-CCFF-48CB-A45B-C823F15AF5E8}.Release|x86.ActiveCfg = Release|Win32
		{47CD8393-CCFF-48CB-A45B-C823F15AF5E8}.Release|x86.Build.0 = Release|Win32
	EndGlobalSection
	GlobalSection(SolutionProperties) = preSolution
		HideSolutionNode = FALSE
	EndGlobalSection
	GlobalSection(ExtensibilityGlobals) = postSolution
		SolutionGuid = {D9C3AEA2-9DA1-4238-AF22-2A86DED69E51}
	EndGlobalSection
EndGlobal
